
Microsoft Visual Studio Solution File, Format Version 12.00
# Visual Studio 15
VisualStudioVersion = 15.0.28016.0
MinimumVisualStudioVersion = 10.0.40219.1
Project("{FAE04EC0-301F-11D3-BF4B-00C04F79EFBC}") = "XUnitTestProject1", "XUnitTestProject1\XUnitTestProject1.csproj", "{7A7434B7-5505-4960-AABA-4A5F1322353D}"
EndProject
Global
	GlobalSection(SolutionConfigurationPlatforms) = preSolution
		Debug|Any CPU = Debug|Any CPU
		Release|Any CPU = Release|Any CPU
	EndGlobalSection
	GlobalSection(ProjectConfigurationPlatforms) = postSolution
		{7A7434B7-5505-4960-AABA-4A5F1322353D}.Debug|Any CPU.ActiveCfg = Debug|Any CPU
		{7A7434B7-5505-4960-AABA-4A5F1322353D}.Debug|Any CPU.Build.0 = Debug|Any CPU
		{7A7434B7-5505-4960-AABA-4A5F1322353D}.Release|Any CPU.ActiveCfg = Release|Any CPU
		{7A7434B7-5505-4960-AABA-4A5F1322353D}.Release|Any CPU.Build.0 = Release|Any CPU
	EndGlobalSection
	GlobalSection(SolutionProperties) = preSolution
		HideSolutionNode = FALSE
	EndGlobalSection
	GlobalSection(ExtensibilityGlobals) = postSolution
		SolutionGuid = {0E0AB946-3650-4946-8870-21D23D18A1D0}
	EndGlobalSection
EndGlobal
